
Microsoft Visual Studio Solution File, Format Version 12.00
# Visual Studio Version 17
VisualStudioVersion = 17.10.34916.146
MinimumVisualStudioVersion = 10.0.40219.1
Project("{2150E333-8FDC-42A3-9474-1A3956D46DE8}") = "src", "src", "{59328F4B-1A71-46C5-8EAD-AC131BD7DF92}"
EndProject
Project("{2150E333-8FDC-42A3-9474-1A3956D46DE8}") = "corePackages", "corePackages", "{2F656CBB-FDC0-4D97-9627-AD60D41DF7FC}"
EndProject
Project("{9A19103F-16F7-4668-BE54-9A1E7A4F7556}") = "Core.Persistance", "src\corePackages\Core.Persistance\Core.Persistance.csproj", "{6736D54A-9F42-4013-8EEE-DC9EAB8AFC65}"
EndProject
Project("{9A19103F-16F7-4668-BE54-9A1E7A4F7556}") = "Core.Application", "src\corePackages\Core.Application\Core.Application.csproj", "{84F9729E-519B-4FC2-8844-65332D4A669F}"
EndProject
Project("{2150E333-8FDC-42A3-9474-1A3956D46DE8}") = "demoProjects", "demoProjects", "{782614CF-022F-4A12-A7B9-6DACC67CDFBE}"
EndProject
Project("{2150E333-8FDC-42A3-9474-1A3956D46DE8}") = "rentACar", "rentACar", "{E7C88F8D-2D9C-457C-AE6C-9A7047C500A3}"
EndProject
Project("{2150E333-8FDC-42A3-9474-1A3956D46DE8}") = "templateProject", "templateProject", "{81272507-D33E-4C95-B364-886F451D56E0}"
EndProject
Project("{9A19103F-16F7-4668-BE54-9A1E7A4F7556}") = "WebApi", "src\demoProjects\rentACar\WebApi\WebApi.csproj", "{74DDBA31-9C0C-4813-8A0A-A8C066B2D6E3}"
EndProject
Project("{9A19103F-16F7-4668-BE54-9A1E7A4F7556}") = "Domain", "src\demoProjects\rentACar\Domain\Domain.csproj", "{4421EA8C-3AAD-4682-8069-6304FB8C1424}"
EndProject
Project("{9A19103F-16F7-4668-BE54-9A1E7A4F7556}") = "Application", "src\demoProjects\rentACar\Application\Application.csproj", "{D2136F22-14F9-45E4-B689-E5A42F07C6F1}"
EndProject
Project("{9A19103F-16F7-4668-BE54-9A1E7A4F7556}") = "Persistance", "src\demoProjects\rentACar\Persistance\Persistance.csproj", "{F8168129-14DF-4A83-8268-D2FD3A2D6C96}"
EndProject
Project("{9A19103F-16F7-4668-BE54-9A1E7A4F7556}") = "Infrastructure", "src\demoProjects\rentACar\Infrastructure\Infrastructure.csproj", "{0A8CC919-57E4-4A3F-85B0-955373D9FA6A}"
EndProject
Project("{FAE04EC0-301F-11D3-BF4B-00C04F79EFBC}") = "Core.CrossCuttingConcerns", "src\corePackage\Core.CrossCuttingConcerns\Core.CrossCuttingConcerns.csproj", "{EF3DA457-429A-4472-8364-492BB3298FF9}"
EndProject
Global
	GlobalSection(SolutionConfigurationPlatforms) = preSolution
		Debug|Any CPU = Debug|Any CPU
		Release|Any CPU = Release|Any CPU
	EndGlobalSection
	GlobalSection(ProjectConfigurationPlatforms) = postSolution
		{6736D54A-9F42-4013-8EEE-DC9EAB8AFC65}.Debug|Any CPU.ActiveCfg = Debug|Any CPU
		{6736D54A-9F42-4013-8EEE-DC9EAB8AFC65}.Debug|Any CPU.Build.0 = Debug|Any CPU
		{6736D54A-9F42-4013-8EEE-DC9EAB8AFC65}.Release|Any CPU.ActiveCfg = Release|Any CPU
		{6736D54A-9F42-4013-8EEE-DC9EAB8AFC65}.Release|Any CPU.Build.0 = Release|Any CPU
		{84F9729E-519B-4FC2-8844-65332D4A669F}.Debug|Any CPU.ActiveCfg = Debug|Any CPU
		{84F9729E-519B-4FC2-8844-65332D4A669F}.Debug|Any CPU.Build.0 = Debug|Any CPU
		{84F9729E-519B-4FC2-8844-65332D4A669F}.Release|Any CPU.ActiveCfg = Release|Any CPU
		{84F9729E-519B-4FC2-8844-65332D4A669F}.Release|Any CPU.Build.0 = Release|Any CPU
		{74DDBA31-9C0C-4813-8A0A-A8C066B2D6E3}.Debug|Any CPU.ActiveCfg = Debug|Any CPU
		{74DDBA31-9C0C-4813-8A0A-A8C066B2D6E3}.Debug|Any CPU.Build.0 = Debug|Any CPU
		{74DDBA31-9C0C-4813-8A0A-A8C066B2D6E3}.Release|Any CPU.ActiveCfg = Release|Any CPU
		{74DDBA31-9C0C-4813-8A0A-A8C066B2D6E3}.Release|Any CPU.Build.0 = Release|Any CPU
		{4421EA8C-3AAD-4682-8069-6304FB8C1424}.Debug|Any CPU.ActiveCfg = Debug|Any CPU
		{4421EA8C-3AAD-4682-8069-6304FB8C1424}.Debug|Any CPU.Build.0 = Debug|Any CPU
		{4421EA8C-3AAD-4682-8069-6304FB8C1424}.Release|Any CPU.ActiveCfg = Release|Any CPU
		{4421EA8C-3AAD-4682-8069-6304FB8C1424}.Release|Any CPU.Build.0 = Release|Any CPU
		{D2136F22-14F9-45E4-B689-E5A42F07C6F1}.Debug|Any CPU.ActiveCfg = Debug|Any CPU
		{D2136F22-14F9-45E4-B689-E5A42F07C6F1}.Debug|Any CPU.Build.0 = Debug|Any CPU
		{D2136F22-14F9-45E4-B689-E5A42F07C6F1}.Release|Any CPU.ActiveCfg = Release|Any CPU
		{D2136F22-14F9-45E4-B689-E5A42F07C6F1}.Release|Any CPU.Build.0 = Release|Any CPU
		{F8168129-14DF-4A83-8268-D2FD3A2D6C96}.Debug|Any CPU.ActiveCfg = Debug|Any CPU
		{F8168129-14DF-4A83-8268-D2FD3A2D6C96}.Debug|Any CPU.Build.0 = Debug|Any CPU
		{F8168129-14DF-4A83-8268-D2FD3A2D6C96}.Release|Any CPU.ActiveCfg = Release|Any CPU
		{F8168129-14DF-4A83-8268-D2FD3A2D6C96}.Release|Any CPU.Build.0 = Release|Any CPU
		{0A8CC919-57E4-4A3F-85B0-955373D9FA6A}.Debug|Any CPU.ActiveCfg = Debug|Any CPU
		{0A8CC919-57E4-4A3F-85B0-955373D9FA6A}.Debug|Any CPU.Build.0 = Debug|Any CPU
		{0A8CC919-57E4-4A3F-85B0-955373D9FA6A}.Release|Any CPU.ActiveCfg = Release|Any CPU
		{0A8CC919-57E4-4A3F-85B0-955373D9FA6A}.Release|Any CPU.Build.0 = Release|Any CPU
		{EF3DA457-429A-4472-8364-492BB3298FF9}.Debug|Any CPU.ActiveCfg = Debug|Any CPU
		{EF3DA457-429A-4472-8364-492BB3298FF9}.Debug|Any CPU.Build.0 = Debug|Any CPU
		{EF3DA457-429A-4472-8364-492BB3298FF9}.Release|Any CPU.ActiveCfg = Release|Any CPU
		{EF3DA457-429A-4472-8364-492BB3298FF9}.Release|Any CPU.Build.0 = Release|Any CPU
	EndGlobalSection
	GlobalSection(SolutionProperties) = preSolution
		HideSolutionNode = FALSE
	EndGlobalSection
	GlobalSection(NestedProjects) = preSolution
		{2F656CBB-FDC0-4D97-9627-AD60D41DF7FC} = {59328F4B-1A71-46C5-8EAD-AC131BD7DF92}
		{6736D54A-9F42-4013-8EEE-DC9EAB8AFC65} = {2F656CBB-FDC0-4D97-9627-AD60D41DF7FC}
		{84F9729E-519B-4FC2-8844-65332D4A669F} = {2F656CBB-FDC0-4D97-9627-AD60D41DF7FC}
		{782614CF-022F-4A12-A7B9-6DACC67CDFBE} = {59328F4B-1A71-46C5-8EAD-AC131BD7DF92}
		{E7C88F8D-2D9C-457C-AE6C-9A7047C500A3} = {782614CF-022F-4A12-A7B9-6DACC67CDFBE}
		{81272507-D33E-4C95-B364-886F451D56E0} = {782614CF-022F-4A12-A7B9-6DACC67CDFBE}
		{74DDBA31-9C0C-4813-8A0A-A8C066B2D6E3} = {E7C88F8D-2D9C-457C-AE6C-9A7047C500A3}
		{4421EA8C-3AAD-4682-8069-6304FB8C1424} = {E7C88F8D-2D9C-457C-AE6C-9A7047C500A3}
		{D2136F22-14F9-45E4-B689-E5A42F07C6F1} = {E7C88F8D-2D9C-457C-AE6C-9A7047C500A3}
		{F8168129-14DF-4A83-8268-D2FD3A2D6C96} = {E7C88F8D-2D9C-457C-AE6C-9A7047C500A3}
		{0A8CC919-57E4-4A3F-85B0-955373D9FA6A} = {E7C88F8D-2D9C-457C-AE6C-9A7047C500A3}
		{EF3DA457-429A-4472-8364-492BB3298FF9} = {2F656CBB-FDC0-4D97-9627-AD60D41DF7FC}
	EndGlobalSection
	GlobalSection(ExtensibilityGlobals) = postSolution
		SolutionGuid = {EB264C94-BF2E-468B-A0C9-A938341CB117}
	EndGlobalSection
EndGlobal
